
Microsoft Visual Studio Solution File, Format Version 12.00
# Visual Studio Version 16
VisualStudioVersion = 16.0.30804.86
MinimumVisualStudioVersion = 10.0.40219.1
Project("{FAE04EC0-301F-11D3-BF4B-00C04F79EFBC}") = "Aescodedomdll", "Aescodedomdll\Aescodedomdll.csproj", "{EF143766-0566-43D5-B91B-018AB6F8CCF4}"
EndProject
Global
	GlobalSection(SolutionConfigurationPlatforms) = preSolution
		Debug|Any CPU = Debug|Any CPU
		Release|Any CPU = Release|Any CPU
	EndGlobalSection
	GlobalSection(ProjectConfigurationPlatforms) = postSolution
		{EF143766-0566-43D5-B91B-018AB6F8CCF4}.Debug|Any CPU.ActiveCfg = Debug|Any CPU
		{EF143766-0566-43D5-B91B-018AB6F8CCF4}.Debug|Any CPU.Build.0 = Debug|Any CPU
		{EF143766-0566-43D5-B91B-018AB6F8CCF4}.Release|Any CPU.ActiveCfg = Release|Any CPU
		{EF143766-0566-43D5-B91B-018AB6F8CCF4}.Release|Any CPU.Build.0 = Release|Any CPU
	EndGlobalSection
	GlobalSection(SolutionProperties) = preSolution
		HideSolutionNode = FALSE
	EndGlobalSection
	GlobalSection(ExtensibilityGlobals) = postSolution
		SolutionGuid = {7AB1B196-B94A-438C-BC9D-8EC87BB02CC8}
	EndGlobalSection
EndGlobal
